
Microsoft Visual Studio Solution File, Format Version 12.00
# Visual Studio Version 17
VisualStudioVersion = 17.0.32112.339
MinimumVisualStudioVersion = 10.0.40219.1
Project("{FAE04EC0-301F-11D3-BF4B-00C04F79EFBC}") = "SqlReaderTest", "SqlReaderTest\SqlReaderTest.csproj", "{72883604-62E5-4B64-8319-3B68AA53E657}"
EndProject
Global
	GlobalSection(SolutionConfigurationPlatforms) = preSolution
		Debug|Any CPU = Debug|Any CPU
		Release|Any CPU = Release|Any CPU
	EndGlobalSection
	GlobalSection(ProjectConfigurationPlatforms) = postSolution
		{72883604-62E5-4B64-8319-3B68AA53E657}.Debug|Any CPU.ActiveCfg = Debug|Any CPU
		{72883604-62E5-4B64-8319-3B68AA53E657}.Debug|Any CPU.Build.0 = Debug|Any CPU
		{72883604-62E5-4B64-8319-3B68AA53E657}.Release|Any CPU.ActiveCfg = Release|Any CPU
		{72883604-62E5-4B64-8319-3B68AA53E657}.Release|Any CPU.Build.0 = Release|Any CPU
	EndGlobalSection
	GlobalSection(SolutionProperties) = preSolution
		HideSolutionNode = FALSE
	EndGlobalSection
	GlobalSection(ExtensibilityGlobals) = postSolution
		SolutionGuid = {8E5309F1-EE6D-468D-8F03-700D85C55FF4}
	EndGlobalSection
EndGlobal
